
Microsoft Visual Studio Solution File, Format Version 12.00
# Visual Studio 2012
Project("{8BC9CEB8-8B4A-11D0-8D11-00A0C91BC942}") = "ATM Homework1", "ATM Homework1\ATM Homework1.vcxproj", "{74E5EB19-0630-4CE9-82EC-24DB88411B45}"
EndProject
Global
	GlobalSection(SolutionConfigurationPlatforms) = preSolution
		Debug|Win32 = Debug|Win32
		Release|Win32 = Release|Win32
	EndGlobalSection
	GlobalSection(ProjectConfigurationPlatforms) = postSolution
		{74E5EB19-0630-4CE9-82EC-24DB88411B45}.Debug|Win32.ActiveCfg = Debug|Win32
		{74E5EB19-0630-4CE9-82EC-24DB88411B45}.Debug|Win32.Build.0 = Debug|Win32
		{74E5EB19-0630-4CE9-82EC-24DB88411B45}.Release|Win32.ActiveCfg = Release|Win32
		{74E5EB19-0630-4CE9-82EC-24DB88411B45}.Release|Win32.Build.0 = Release|Win32
	EndGlobalSection
	GlobalSection(SolutionProperties) = preSolution
		HideSolutionNode = FALSE
	EndGlobalSection
EndGlobal
